
Microsoft Visual Studio Solution File, Format Version 12.00
# Visual Studio 15
VisualStudioVersion = 15.0.27004.2010
MinimumVisualStudioVersion = 10.0.40219.1
Project("{F2A71F9B-5D33-465A-A702-920D77279786}") = "ConsoleBattleship", "ConsoleBattleship\ConsoleBattleship.fsproj", "{521E9E5C-F379-49EF-ACC1-7FC6631755CC}"
EndProject
Global
	GlobalSection(SolutionConfigurationPlatforms) = preSolution
		Debug|Any CPU = Debug|Any CPU
		Release|Any CPU = Release|Any CPU
	EndGlobalSection
	GlobalSection(ProjectConfigurationPlatforms) = postSolution
		{521E9E5C-F379-49EF-ACC1-7FC6631755CC}.Debug|Any CPU.ActiveCfg = Debug|Any CPU
		{521E9E5C-F379-49EF-ACC1-7FC6631755CC}.Debug|Any CPU.Build.0 = Debug|Any CPU
		{521E9E5C-F379-49EF-ACC1-7FC6631755CC}.Release|Any CPU.ActiveCfg = Release|Any CPU
		{521E9E5C-F379-49EF-ACC1-7FC6631755CC}.Release|Any CPU.Build.0 = Release|Any CPU
	EndGlobalSection
	GlobalSection(SolutionProperties) = preSolution
		HideSolutionNode = FALSE
	EndGlobalSection
	GlobalSection(ExtensibilityGlobals) = postSolution
		SolutionGuid = {AA28C4A9-876B-4FEB-8082-B6ACD55EE6AF}
	EndGlobalSection
EndGlobal
